
Microsoft Visual Studio Solution File, Format Version 12.00
# Visual Studio Version 16
VisualStudioVersion = 16.0.30621.155
MinimumVisualStudioVersion = 10.0.40219.1
Project("{FAE04EC0-301F-11D3-BF4B-00C04F79EFBC}") = "SampleWebApp_AzureProject", "SampleWebApp_AzureProject\SampleWebApp_AzureProject.csproj", "{3ACCE595-EA3C-450D-940C-99E0B596DE8A}"
EndProject
Global
	GlobalSection(SolutionConfigurationPlatforms) = preSolution
		Debug|Any CPU = Debug|Any CPU
		Release|Any CPU = Release|Any CPU
	EndGlobalSection
	GlobalSection(ProjectConfigurationPlatforms) = postSolution
		{3ACCE595-EA3C-450D-940C-99E0B596DE8A}.Debug|Any CPU.ActiveCfg = Debug|Any CPU
		{3ACCE595-EA3C-450D-940C-99E0B596DE8A}.Debug|Any CPU.Build.0 = Debug|Any CPU
		{3ACCE595-EA3C-450D-940C-99E0B596DE8A}.Release|Any CPU.ActiveCfg = Release|Any CPU
		{3ACCE595-EA3C-450D-940C-99E0B596DE8A}.Release|Any CPU.Build.0 = Release|Any CPU
	EndGlobalSection
	GlobalSection(SolutionProperties) = preSolution
		HideSolutionNode = FALSE
	EndGlobalSection
	GlobalSection(ExtensibilityGlobals) = postSolution
		SolutionGuid = {8DCBE536-C813-421B-B660-443D371BD9AF}
	EndGlobalSection
EndGlobal
